Microsoft Visual Studio Solution File, Format Version 12.00
# Visual Studio Version 17
VisualStudioVersion = 17.5.2.0
MinimumVisualStudioVersion = 10.0.40219.1
Project("{FAE04EC0-301F-11D3-BF4B-00C04F79EFBC}") = "BuildYourPc", "BuildYourPc.csproj", "{4E0DB698-BA7D-CE3F-F41C-D6C4007F4CE4}"
EndProject
Global
	GlobalSection(SolutionConfigurationPlatforms) = preSolution
		Debug|Any CPU = Debug|Any CPU
		Release|Any CPU = Release|Any CPU
	EndGlobalSection
	GlobalSection(ProjectConfigurationPlatforms) = postSolution
		{4E0DB698-BA7D-CE3F-F41C-D6C4007F4CE4}.Debug|Any CPU.ActiveCfg = Debug|Any CPU
		{4E0DB698-BA7D-CE3F-F41C-D6C4007F4CE4}.Debug|Any CPU.Build.0 = Debug|Any CPU
		{4E0DB698-BA7D-CE3F-F41C-D6C4007F4CE4}.Release|Any CPU.ActiveCfg = Release|Any CPU
		{4E0DB698-BA7D-CE3F-F41C-D6C4007F4CE4}.Release|Any CPU.Build.0 = Release|Any CPU
	EndGlobalSection
	GlobalSection(SolutionProperties) = preSolution
		HideSolutionNode = FALSE
	EndGlobalSection
	GlobalSection(ExtensibilityGlobals) = postSolution
		SolutionGuid = {CE305BE4-931E-455F-97D1-1DC8BDE14301}
	EndGlobalSection
EndGlobal
